
Microsoft Visual Studio Solution File, Format Version 12.00
# Visual Studio 14
VisualStudioVersion = 14.0.23107.0
MinimumVisualStudioVersion = 10.0.40219.1
Project("{FAE04EC0-301F-11D3-BF4B-00C04F79EFBC}") = "70484", "70484\70484.csproj", "{22148042-F0C3-4230-998F-58C654AE14AF}"
EndProject
Project("{2150E333-8FDC-42A3-9474-1A3956D46DE8}") = "Layout", "Layout", "{0848A74E-A7B4-4547-A818-DE5E147BAD45}"
EndProject
Project("{D954291E-2A0B-460D-934E-DC6B0785DB48}") = "Layout.Shared", "Layout\Layout.Shared\Layout.Shared.shproj", "{764D97B8-F641-4DD4-B3C8-C50ED1E64570}"
EndProject
Project("{FAE04EC0-301F-11D3-BF4B-00C04F79EFBC}") = "Layout.Windows", "Layout\Layout.Windows\Layout.Windows.csproj", "{5960926C-2371-4C20-9373-9E5120D47DA9}"
EndProject
Project("{FAE04EC0-301F-11D3-BF4B-00C04F79EFBC}") = "Layout.WindowsPhone", "Layout\Layout.WindowsPhone\Layout.WindowsPhone.csproj", "{4A9ECFA8-9D6F-45B3-89B3-D04CCC7BDA1D}"
EndProject
Project("{2150E333-8FDC-42A3-9474-1A3956D46DE8}") = "SearchCharm", "SearchCharm", "{CDD97508-7226-4FAE-B92A-E16FC1EB28A4}"
EndProject
Project("{D954291E-2A0B-460D-934E-DC6B0785DB48}") = "SearchCharm.Shared", "SearchCharm\SearchCharm.Shared\SearchCharm.Shared.shproj", "{CCED0012-4F84-41AF-B2F6-AE530511850D}"
EndProject
Project("{FAE04EC0-301F-11D3-BF4B-00C04F79EFBC}") = "SearchCharm.Windows", "SearchCharm\SearchCharm.Windows\SearchCharm.Windows.csproj", "{3653978E-E9F7-4491-AB97-1468C1FC1B38}"
EndProject
Project("{FAE04EC0-301F-11D3-BF4B-00C04F79EFBC}") = "SearchCharm.WindowsPhone", "SearchCharm\SearchCharm.WindowsPhone\SearchCharm.WindowsPhone.csproj", "{262473B0-1A69-441B-9CEA-F4FF8E8DAD01}"
EndProject
Project("{FAE04EC0-301F-11D3-BF4B-00C04F79EFBC}") = "SearchDemo", "SearchDemo\SearchDemo.csproj", "{261CE863-D7B6-4350-B2AA-F1143E6FA5D2}"
EndProject
Global
	GlobalSection(SharedMSBuildProjectFiles) = preSolution
		SearchCharm\SearchCharm.Shared\SearchCharm.Shared.projitems*{262473b0-1a69-441b-9cea-f4ff8e8dad01}*SharedItemsImports = 4
		SearchCharm\SearchCharm.Shared\SearchCharm.Shared.projitems*{3653978e-e9f7-4491-ab97-1468c1fc1b38}*SharedItemsImports = 4
		Layout\Layout.Shared\Layout.Shared.projitems*{5960926c-2371-4c20-9373-9e5120d47da9}*SharedItemsImports = 4
		Layout\Layout.Shared\Layout.Shared.projitems*{4a9ecfa8-9d6f-45b3-89b3-d04ccc7bda1d}*SharedItemsImports = 4
		SearchCharm\SearchCharm.Shared\SearchCharm.Shared.projitems*{cced0012-4f84-41af-b2f6-ae530511850d}*SharedItemsImports = 13
		Layout\Layout.Shared\Layout.Shared.projitems*{764d97b8-f641-4dd4-b3c8-c50ed1e64570}*SharedItemsImports = 13
	EndGlobalSection
	GlobalSection(SolutionConfigurationPlatforms) = preSolution
		Debug|Any CPU = Debug|Any CPU
		Debug|ARM = Debug|ARM
		Debug|x64 = Debug|x64
		Debug|x86 = Debug|x86
		Release|Any CPU = Release|Any CPU
		Release|ARM = Release|ARM
		Release|x64 = Release|x64
		Release|x86 = Release|x86
	EndGlobalSection
	GlobalSection(ProjectConfigurationPlatforms) = postSolution
		{22148042-F0C3-4230-998F-58C654AE14AF}.Debug|Any CPU.ActiveCfg = Debug|Any CPU
		{22148042-F0C3-4230-998F-58C654AE14AF}.Debug|Any CPU.Build.0 = Debug|Any CPU
		{22148042-F0C3-4230-998F-58C654AE14AF}.Debug|Any CPU.Deploy.0 = Debug|Any CPU
		{22148042-F0C3-4230-998F-58C654AE14AF}.Debug|ARM.ActiveCfg = Debug|ARM
		{22148042-F0C3-4230-998F-58C654AE14AF}.Debug|ARM.Build.0 = Debug|ARM
		{22148042-F0C3-4230-998F-58C654AE14AF}.Debug|ARM.Deploy.0 = Debug|ARM
		{22148042-F0C3-4230-998F-58C654AE14AF}.Debug|x64.ActiveCfg = Debug|Any CPU
		{22148042-F0C3-4230-998F-58C654AE14AF}.Debug|x86.ActiveCfg = Debug|x86
		{22148042-F0C3-4230-998F-58C654AE14AF}.Debug|x86.Build.0 = Debug|x86
		{22148042-F0C3-4230-998F-58C654AE14AF}.Debug|x86.Deploy.0 = Debug|x86
		{22148042-F0C3-4230-998F-58C654AE14AF}.Release|Any CPU.ActiveCfg = Release|Any CPU
		{22148042-F0C3-4230-998F-58C654AE14AF}.Release|Any CPU.Build.0 = Release|Any CPU
		{22148042-F0C3-4230-998F-58C654AE14AF}.Release|Any CPU.Deploy.0 = Release|Any CPU
		{22148042-F0C3-4230-998F-58C654AE14AF}.Release|ARM.ActiveCfg = Release|ARM
		{22148042-F0C3-4230-998F-58C654AE14AF}.Release|ARM.Build.0 = Release|ARM
		{22148042-F0C3-4230-998F-58C654AE14AF}.Release|ARM.Deploy.0 = Release|ARM
		{22148042-F0C3-4230-998F-58C654AE14AF}.Release|x64.ActiveCfg = Release|Any CPU
		{22148042-F0C3-4230-998F-58C654AE14AF}.Release|x86.ActiveCfg = Release|x86
		{22148042-F0C3-4230-998F-58C654AE14AF}.Release|x86.Build.0 = Release|x86
		{22148042-F0C3-4230-998F-58C654AE14AF}.Release|x86.Deploy.0 = Release|x86
		{5960926C-2371-4C20-9373-9E5120D47DA9}.Debug|Any CPU.ActiveCfg = Debug|Any CPU
		{5960926C-2371-4C20-9373-9E5120D47DA9}.Debug|Any CPU.Build.0 = Debug|Any CPU
		{5960926C-2371-4C20-9373-9E5120D47DA9}.Debug|Any CPU.Deploy.0 = Debug|Any CPU
		{5960926C-2371-4C20-9373-9E5120D47DA9}.Debug|ARM.ActiveCfg = Debug|ARM
		{5960926C-2371-4C20-9373-9E5120D47DA9}.Debug|ARM.Build.0 = Debug|ARM
		{5960926C-2371-4C20-9373-9E5120D47DA9}.Debug|ARM.Deploy.0 = Debug|ARM
		{5960926C-2371-4C20-9373-9E5120D47DA9}.Debug|x64.ActiveCfg = Debug|x64
		{5960926C-2371-4C20-9373-9E5120D47DA9}.Debug|x64.Build.0 = Debug|x64
		{5960926C-2371-4C20-9373-9E5120D47DA9}.Debug|x64.Deploy.0 = Debug|x64
		{5960926C-2371-4C20-9373-9E5120D47DA9}.Debug|x86.ActiveCfg = Debug|x86
		{5960926C-2371-4C20-9373-9E5120D47DA9}.Debug|x86.Build.0 = Debug|x86
		{5960926C-2371-4C20-9373-9E5120D47DA9}.Debug|x86.Deploy.0 = Debug|x86
		{5960926C-2371-4C20-9373-9E5120D47DA9}.Release|Any CPU.ActiveCfg = Release|Any CPU
		{5960926C-2371-4C20-9373-9E5120D47DA9}.Release|Any CPU.Build.0 = Release|Any CPU
		{5960926C-2371-4C20-9373-9E5120D47DA9}.Release|Any CPU.Deploy.0 = Release|Any CPU
		{5960926C-2371-4C20-9373-9E5120D47DA9}.Release|ARM.ActiveCfg = Release|ARM
		{5960926C-2371-4C20-9373-9E5120D47DA9}.Release|ARM.Build.0 = Release|ARM
		{5960926C-2371-4C20-9373-9E5120D47DA9}.Release|ARM.Deploy.0 = Release|ARM
		{5960926C-2371-4C20-9373-9E5120D47DA9}.Release|x64.ActiveCfg = Release|x64
		{5960926C-2371-4C20-9373-9E5120D47DA9}.Release|x64.Build.0 = Release|x64
		{5960926C-2371-4C20-9373-9E5120D47DA9}.Release|x64.Deploy.0 = Release|x64
		{5960926C-2371-4C20-9373-9E5120D47DA9}.Release|x86.ActiveCfg = Release|x86
		{5960926C-2371-4C20-9373-9E5120D47DA9}.Release|x86.Build.0 = Release|x86
		{5960926C-2371-4C20-9373-9E5120D47DA9}.Release|x86.Deploy.0 = Release|x86
		{4A9ECFA8-9D6F-45B3-89B3-D04CCC7BDA1D}.Debug|Any CPU.ActiveCfg = Debug|Any CPU
		{4A9ECFA8-9D6F-45B3-89B3-D04CCC7BDA1D}.Debug|Any CPU.Build.0 = Debug|Any CPU
		{4A9ECFA8-9D6F-45B3-89B3-D04CCC7BDA1D}.Debug|Any CPU.Deploy.0 = Debug|Any CPU
		{4A9ECFA8-9D6F-45B3-89B3-D04CCC7BDA1D}.Debug|ARM.ActiveCfg = Debug|ARM
		{4A9ECFA8-9D6F-45B3-89B3-D04CCC7BDA1D}.Debug|ARM.Build.0 = Debug|ARM
		{4A9ECFA8-9D6F-45B3-89B3-D04CCC7BDA1D}.Debug|ARM.Deploy.0 = Debug|ARM
		{4A9ECFA8-9D6F-45B3-89B3-D04CCC7BDA1D}.Debug|x64.ActiveCfg = Debug|Any CPU
		{4A9ECFA8-9D6F-45B3-89B3-D04CCC7BDA1D}.Debug|x86.ActiveCfg = Debug|x86
		{4A9ECFA8-9D6F-45B3-89B3-D04CCC7BDA1D}.Debug|x86.Build.0 = Debug|x86
		{4A9ECFA8-9D6F-45B3-89B3-D04CCC7BDA1D}.Debug|x86.Deploy.0 = Debug|x86
		{4A9ECFA8-9D6F-45B3-89B3-D04CCC7BDA1D}.Release|Any CPU.ActiveCfg = Release|Any CPU
		{4A9ECFA8-9D6F-45B3-89B3-D04CCC7BDA1D}.Release|Any CPU.Build.0 = Release|Any CPU
		{4A9ECFA8-9D6F-45B3-89B3-D04CCC7BDA1D}.Release|Any CPU.Deploy.0 = Release|Any CPU
		{4A9ECFA8-9D6F-45B3-89B3-D04CCC7BDA1D}.Release|ARM.ActiveCfg = Release|ARM
		{4A9ECFA8-9D6F-45B3-89B3-D04CCC7BDA1D}.Release|ARM.Build.0 = Release|ARM
		{4A9ECFA8-9D6F-45B3-89B3-D04CCC7BDA1D}.Release|ARM.Deploy.0 = Release|ARM
		{4A9ECFA8-9D6F-45B3-89B3-D04CCC7BDA1D}.Release|x64.ActiveCfg = Release|Any CPU
		{4A9ECFA8-9D6F-45B3-89B3-D04CCC7BDA1D}.Release|x86.ActiveCfg = Release|x86
		{4A9ECFA8-9D6F-45B3-89B3-D04CCC7BDA1D}.Release|x86.Build.0 = Release|x86
		{4A9ECFA8-9D6F-45B3-89B3-D04CCC7BDA1D}.Release|x86.Deploy.0 = Release|x86
		{3653978E-E9F7-4491-AB97-1468C1FC1B38}.Debug|Any CPU.ActiveCfg = Debug|Any CPU
		{3653978E-E9F7-4491-AB97-1468C1FC1B38}.Debug|Any CPU.Build.0 = Debug|Any CPU
		{3653978E-E9F7-4491-AB97-1468C1FC1B38}.Debug|Any CPU.Deploy.0 = Debug|Any CPU
		{3653978E-E9F7-4491-AB97-1468C1FC1B38}.Debug|ARM.ActiveCfg = Debug|ARM
		{3653978E-E9F7-4491-AB97-1468C1FC1B38}.Debug|ARM.Build.0 = Debug|ARM
		{3653978E-E9F7-4491-AB97-1468C1FC1B38}.Debug|ARM.Deploy.0 = Debug|ARM
		{3653978E-E9F7-4491-AB97-1468C1FC1B38}.Debug|x64.ActiveCfg = Debug|x64
		{3653978E-E9F7-4491-AB97-1468C1FC1B38}.Debug|x64.Build.0 = Debug|x64
		{3653978E-E9F7-4491-AB97-1468C1FC1B38}.Debug|x64.Deploy.0 = Debug|x64
		{3653978E-E9F7-4491-AB97-1468C1FC1B38}.Debug|x86.ActiveCfg = Debug|x86
		{3653978E-E9F7-4491-AB97-1468C1FC1B38}.Debug|x86.Build.0 = Debug|x86
		{3653978E-E9F7-4491-AB97-1468C1FC1B38}.Debug|x86.Deploy.0 = Debug|x86
		{3653978E-E9F7-4491-AB97-1468C1FC1B38}.Release|Any CPU.ActiveCfg = Release|Any CPU
		{3653978E-E9F7-4491-AB97-1468C1FC1B38}.Release|Any CPU.Build.0 = Release|Any CPU
		{3653978E-E9F7-4491-AB97-1468C1FC1B38}.Release|Any CPU.Deploy.0 = Release|Any CPU
		{3653978E-E9F7-4491-AB97-1468C1FC1B38}.Release|ARM.ActiveCfg = Release|ARM
		{3653978E-E9F7-4491-AB97-1468C1FC1B38}.Release|ARM.Build.0 = Release|ARM
		{3653978E-E9F7-4491-AB97-1468C1FC1B38}.Release|ARM.Deploy.0 = Release|ARM
		{3653978E-E9F7-4491-AB97-1468C1FC1B38}.Release|x64.ActiveCfg = Release|x64
		{3653978E-E9F7-4491-AB97-1468C1FC1B38}.Release|x64.Build.0 = Release|x64
		{3653978E-E9F7-4491-AB97-1468C1FC1B38}.Release|x64.Deploy.0 = Release|x64
		{3653978E-E9F7-4491-AB97-1468C1FC1B38}.Release|x86.ActiveCfg = Release|x86
		{3653978E-E9F7-4491-AB97-1468C1FC1B38}.Release|x86.Build.0 = Release|x86
		{3653978E-E9F7-4491-AB97-1468C1FC1B38}.Release|x86.Deploy.0 = Release|x86
		{262473B0-1A69-441B-9CEA-F4FF8E8DAD01}.Debug|Any CPU.ActiveCfg = Debug|Any CPU
		{262473B0-1A69-441B-9CEA-F4FF8E8DAD01}.Debug|Any CPU.Build.0 = Debug|Any CPU
		{262473B0-1A69-441B-9CEA-F4FF8E8DAD01}.Debug|Any CPU.Deploy.0 = Debug|Any CPU
		{262473B0-1A69-441B-9CEA-F4FF8E8DAD01}.Debug|ARM.ActiveCfg = Debug|ARM
		{262473B0-1A69-441B-9CEA-F4FF8E8DAD01}.Debug|ARM.Build.0 = Debug|ARM
		{262473B0-1A69-441B-9CEA-F4FF8E8DAD01}.Debug|ARM.Deploy.0 = Debug|ARM
		{262473B0-1A69-441B-9CEA-F4FF8E8DAD01}.Debug|x64.ActiveCfg = Debug|Any CPU
		{262473B0-1A69-441B-9CEA-F4FF8E8DAD01}.Debug|x64.Build.0 = Debug|Any CPU
		{262473B0-1A69-441B-9CEA-F4FF8E8DAD01}.Debug|x64.Deploy.0 = Debug|Any CPU
		{262473B0-1A69-441B-9CEA-F4FF8E8DAD01}.Debug|x86.ActiveCfg = Debug|x86
		{262473B0-1A69-441B-9CEA-F4FF8E8DAD01}.Debug|x86.Build.0 = Debug|x86
		{262473B0-1A69-441B-9CEA-F4FF8E8DAD01}.Debug|x86.Deploy.0 = Debug|x86
		{262473B0-1A69-441B-9CEA-F4FF8E8DAD01}.Release|Any CPU.ActiveCfg = Release|Any CPU
		{262473B0-1A69-441B-9CEA-F4FF8E8DAD01}.Release|Any CPU.Build.0 = Release|Any CPU
		{262473B0-1A69-441B-9CEA-F4FF8E8DAD01}.Release|Any CPU.Deploy.0 = Release|Any CPU
		{262473B0-1A69-441B-9CEA-F4FF8E8DAD01}.Release|ARM.ActiveCfg = Release|ARM
		{262473B0-1A69-441B-9CEA-F4FF8E8DAD01}.Release|ARM.Build.0 = Release|ARM
		{262473B0-1A69-441B-9CEA-F4FF8E8DAD01}.Release|ARM.Deploy.0 = Release|ARM
		{262473B0-1A69-441B-9CEA-F4FF8E8DAD01}.Release|x64.ActiveCfg = Release|Any CPU
		{262473B0-1A69-441B-9CEA-F4FF8E8DAD01}.Release|x64.Build.0 = Release|Any CPU
		{262473B0-1A69-441B-9CEA-F4FF8E8DAD01}.Release|x64.Deploy.0 = Release|Any CPU
		{262473B0-1A69-441B-9CEA-F4FF8E8DAD01}.Release|x86.ActiveCfg = Release|x86
		{262473B0-1A69-441B-9CEA-F4FF8E8DAD01}.Release|x86.Build.0 = Release|x86
		{262473B0-1A69-441B-9CEA-F4FF8E8DAD01}.Release|x86.Deploy.0 = Release|x86
		{261CE863-D7B6-4350-B2AA-F1143E6FA5D2}.Debug|Any CPU.ActiveCfg = Debug|Any CPU
		{261CE863-D7B6-4350-B2AA-F1143E6FA5D2}.Debug|Any CPU.Build.0 = Debug|Any CPU
		{261CE863-D7B6-4350-B2AA-F1143E6FA5D2}.Debug|Any CPU.Deploy.0 = Debug|Any CPU
		{261CE863-D7B6-4350-B2AA-F1143E6FA5D2}.Debug|ARM.ActiveCfg = Debug|ARM
		{261CE863-D7B6-4350-B2AA-F1143E6FA5D2}.Debug|ARM.Build.0 = Debug|ARM
		{261CE863-D7B6-4350-B2AA-F1143E6FA5D2}.Debug|ARM.Deploy.0 = Debug|ARM
		{261CE863-D7B6-4350-B2AA-F1143E6FA5D2}.Debug|x64.ActiveCfg = Debug|x64
		{261CE863-D7B6-4350-B2AA-F1143E6FA5D2}.Debug|x64.Build.0 = Debug|x64
		{261CE863-D7B6-4350-B2AA-F1143E6FA5D2}.Debug|x64.Deploy.0 = Debug|x64
		{261CE863-D7B6-4350-B2AA-F1143E6FA5D2}.Debug|x86.ActiveCfg = Debug|x86
		{261CE863-D7B6-4350-B2AA-F1143E6FA5D2}.Debug|x86.Build.0 = Debug|x86
		{261CE863-D7B6-4350-B2AA-F1143E6FA5D2}.Debug|x86.Deploy.0 = Debug|x86
		{261CE863-D7B6-4350-B2AA-F1143E6FA5D2}.Release|Any CPU.ActiveCfg = Release|Any CPU
		{261CE863-D7B6-4350-B2AA-F1143E6FA5D2}.Release|Any CPU.Build.0 = Release|Any CPU
		{261CE863-D7B6-4350-B2AA-F1143E6FA5D2}.Release|Any CPU.Deploy.0 = Release|Any CPU
		{261CE863-D7B6-4350-B2AA-F1143E6FA5D2}.Release|ARM.ActiveCfg = Release|ARM
		{261CE863-D7B6-4350-B2AA-F1143E6FA5D2}.Release|ARM.Build.0 = Release|ARM
		{261CE863-D7B6-4350-B2AA-F1143E6FA5D2}.Release|ARM.Deploy.0 = Release|ARM
		{261CE863-D7B6-4350-B2AA-F1143E6FA5D2}.Release|x64.ActiveCfg = Release|x64
		{261CE863-D7B6-4350-B2AA-F1143E6FA5D2}.Release|x64.Build.0 = Release|x64
		{261CE863-D7B6-4350-B2AA-F1143E6FA5D2}.Release|x64.Deploy.0 = Release|x64
		{261CE863-D7B6-4350-B2AA-F1143E6FA5D2}.Release|x86.ActiveCfg = Release|x86
		{261CE863-D7B6-4350-B2AA-F1143E6FA5D2}.Release|x86.Build.0 = Release|x86
		{261CE863-D7B6-4350-B2AA-F1143E6FA5D2}.Release|x86.Deploy.0 = Release|x86
	EndGlobalSection
	GlobalSection(SolutionProperties) = preSolution
		HideSolutionNode = FALSE
	EndGlobalSection
	GlobalSection(NestedProjects) = preSolution
		{764D97B8-F641-4DD4-B3C8-C50ED1E64570} = {0848A74E-A7B4-4547-A818-DE5E147BAD45}
		{5960926C-2371-4C20-9373-9E5120D47DA9} = {0848A74E-A7B4-4547-A818-DE5E147BAD45}
		{4A9ECFA8-9D6F-45B3-89B3-D04CCC7BDA1D} = {0848A74E-A7B4-4547-A818-DE5E147BAD45}
		{CCED0012-4F84-41AF-B2F6-AE530511850D} = {CDD97508-7226-4FAE-B92A-E16FC1EB28A4}
		{3653978E-E9F7-4491-AB97-1468C1FC1B38} = {CDD97508-7226-4FAE-B92A-E16FC1EB28A4}
		{262473B0-1A69-441B-9CEA-F4FF8E8DAD01} = {CDD97508-7226-4FAE-B92A-E16FC1EB28A4}
	EndGlobalSection
EndGlobal
